
Microsoft Visual Studio Solution File, Format Version 11.00
# Visual Studio 2010
Project("{FAE04EC0-301F-11D3-BF4B-00C04F79EFBC}") = "Volante.Domain", "Volante.Domain\Volante.Domain.csproj", "{9EBF8D24-002C-4936-B879-F9BDE8FBB011}"
EndProject
Project("{FAE04EC0-301F-11D3-BF4B-00C04F79EFBC}") = "Volante.Flights.Domain", "Volante.Flights.Domain\Volante.Flights.Domain.csproj", "{A461257A-3C1A-4F7F-AE47-59985238800D}"
EndProject
Project("{FAE04EC0-301F-11D3-BF4B-00C04F79EFBC}") = "Volante.Mail", "Volante.Mail\Volante.Mail.csproj", "{EB30AF5C-4AD6-4A5E-BB34-1CE539F770F1}"
EndProject
Project("{2150E333-8FDC-42A3-9474-1A3956D46DE8}") = "Tests", "Tests", "{9B128C50-550B-4CDA-B7B3-EFCDE5A9555D}"
EndProject
Project("{FAE04EC0-301F-11D3-BF4B-00C04F79EFBC}") = "Volante.Log", "Volante.Log\Volante.Log.csproj", "{A1C8C24A-0E4F-4D41-B656-C7A742DB3E3F}"
EndProject
Project("{FAE04EC0-301F-11D3-BF4B-00C04F79EFBC}") = "Volante.Log.Test", "Volante.Log.Test\Volante.Log.Test.csproj", "{7DE96A1D-62B9-4D68-A322-AE392B2F3F35}"
EndProject
Project("{FAE04EC0-301F-11D3-BF4B-00C04F79EFBC}") = "Volante.Mail.Test", "Volante.Mail.Test\Volante.Mail.Test.csproj", "{A0F20624-1CF5-4CA8-99B5-B13AC39A5021}"
EndProject
Project("{FAE04EC0-301F-11D3-BF4B-00C04F79EFBC}") = "Volante.Framework", "Volante.Framework\Volante.Framework.csproj", "{511E9787-EF6E-4819-A857-AD3E7A69C668}"
EndProject
Project("{FAE04EC0-301F-11D3-BF4B-00C04F79EFBC}") = "Volante.Application", "Volante.Application\Volante.Application.csproj", "{DC101AFF-A3B8-43CE-BA01-1082818B63CA}"
EndProject
Project("{FAE04EC0-301F-11D3-BF4B-00C04F79EFBC}") = "Volante.Data", "Volante.Data\Volante.Data.csproj", "{9A2F4CA0-4CD4-4CF9-86C4-5247205379A5}"
EndProject
Project("{FAE04EC0-301F-11D3-BF4B-00C04F79EFBC}") = "Volante.Geolocation", "Volante.Geolocation\Volante.Geolocation.csproj", "{50280E4C-B03E-4023-990D-DBD3117CA74A}"
EndProject
Project("{FAE04EC0-301F-11D3-BF4B-00C04F79EFBC}") = "Volante.Facebook", "Volante.Facebook\Volante.Facebook.csproj", "{D65F9481-A0C6-42BD-AFD3-6A200AAFB33C}"
EndProject
Project("{2150E333-8FDC-42A3-9474-1A3956D46DE8}") = "Integrations", "Integrations", "{0E5EAADC-617D-41E8-BE02-641DE12105F5}"
EndProject
Project("{FAE04EC0-301F-11D3-BF4B-00C04F79EFBC}") = "Volante.Application.Test", "Volante.Application.Test\Volante.Application.Test.csproj", "{E136BFEE-B5B9-4C52-ACD5-1DFDCC69806F}"
EndProject
Project("{FAE04EC0-301F-11D3-BF4B-00C04F79EFBC}") = "Volante.Amadeus", "Volante.Amadeus\Volante.Amadeus.csproj", "{36B1F71F-310F-4115-B9A2-B504DCB09DF2}"
EndProject
Project("{FAE04EC0-301F-11D3-BF4B-00C04F79EFBC}") = "Volante.Amadeus.Test", "Volante.Amadeus.Test\Volante.Amadeus.Test.csproj", "{90E4BFA1-6384-4802-9CBB-842618531569}"
EndProject
Project("{FAE04EC0-301F-11D3-BF4B-00C04F79EFBC}") = "Volante.Worldspan", "Volante.Worldspan\Volante.Worldspan.csproj", "{CBF6E929-59F6-4CBB-8CCB-B4027BE02A4F}"
EndProject
Project("{FAE04EC0-301F-11D3-BF4B-00C04F79EFBC}") = "Volante.Worldspan.Test", "Volante.Worldspan.Test\Volante.Worldspan.Test.csproj", "{C1816625-CDCD-4190-92BC-B6D797F6E1CB}"
EndProject
Project("{FAE04EC0-301F-11D3-BF4B-00C04F79EFBC}") = "Volante.Cache", "Volante.Cache\Volante.Cache.csproj", "{43B4FDEC-2841-4BA6-8B7C-3A66EE88A547}"
EndProject
Project("{2150E333-8FDC-42A3-9474-1A3956D46DE8}") = "Tools", "Tools", "{461CE494-21EC-425F-A2BF-265B6799B5CB}"
EndProject
Project("{FAE04EC0-301F-11D3-BF4B-00C04F79EFBC}") = "Volante.Web", "Volante.Web\Volante.Web.csproj", "{6390A8CA-EEC6-4BBB-B374-D0C8C42D3E4B}"
EndProject
Project("{FAE04EC0-301F-11D3-BF4B-00C04F79EFBC}") = "Volante.Web.Test", "Volante.Web.Test\Volante.Web.Test.csproj", "{5C1988FF-94CA-47ED-86CA-B5FA2BF0E7B8}"
EndProject
Global
	GlobalSection(SolutionConfigurationPlatforms) = preSolution
		Debug|Any CPU = Debug|Any CPU
		Release|Any CPU = Release|Any CPU
	EndGlobalSection
	GlobalSection(ProjectConfigurationPlatforms) = postSolution
		{9EBF8D24-002C-4936-B879-F9BDE8FBB011}.Debug|Any CPU.ActiveCfg = Debug|Any CPU
		{9EBF8D24-002C-4936-B879-F9BDE8FBB011}.Debug|Any CPU.Build.0 = Debug|Any CPU
		{9EBF8D24-002C-4936-B879-F9BDE8FBB011}.Release|Any CPU.ActiveCfg = Release|Any CPU
		{9EBF8D24-002C-4936-B879-F9BDE8FBB011}.Release|Any CPU.Build.0 = Release|Any CPU
		{A461257A-3C1A-4F7F-AE47-59985238800D}.Debug|Any CPU.ActiveCfg = Debug|Any CPU
		{A461257A-3C1A-4F7F-AE47-59985238800D}.Debug|Any CPU.Build.0 = Debug|Any CPU
		{A461257A-3C1A-4F7F-AE47-59985238800D}.Release|Any CPU.ActiveCfg = Release|Any CPU
		{A461257A-3C1A-4F7F-AE47-59985238800D}.Release|Any CPU.Build.0 = Release|Any CPU
		{EB30AF5C-4AD6-4A5E-BB34-1CE539F770F1}.Debug|Any CPU.ActiveCfg = Debug|Any CPU
		{EB30AF5C-4AD6-4A5E-BB34-1CE539F770F1}.Debug|Any CPU.Build.0 = Debug|Any CPU
		{EB30AF5C-4AD6-4A5E-BB34-1CE539F770F1}.Release|Any CPU.ActiveCfg = Release|Any CPU
		{EB30AF5C-4AD6-4A5E-BB34-1CE539F770F1}.Release|Any CPU.Build.0 = Release|Any CPU
		{A1C8C24A-0E4F-4D41-B656-C7A742DB3E3F}.Debug|Any CPU.ActiveCfg = Debug|Any CPU
		{A1C8C24A-0E4F-4D41-B656-C7A742DB3E3F}.Debug|Any CPU.Build.0 = Debug|Any CPU
		{A1C8C24A-0E4F-4D41-B656-C7A742DB3E3F}.Release|Any CPU.ActiveCfg = Release|Any CPU
		{A1C8C24A-0E4F-4D41-B656-C7A742DB3E3F}.Release|Any CPU.Build.0 = Release|Any CPU
		{7DE96A1D-62B9-4D68-A322-AE392B2F3F35}.Debug|Any CPU.ActiveCfg = Debug|Any CPU
		{7DE96A1D-62B9-4D68-A322-AE392B2F3F35}.Debug|Any CPU.Build.0 = Debug|Any CPU
		{7DE96A1D-62B9-4D68-A322-AE392B2F3F35}.Release|Any CPU.ActiveCfg = Release|Any CPU
		{7DE96A1D-62B9-4D68-A322-AE392B2F3F35}.Release|Any CPU.Build.0 = Release|Any CPU
		{A0F20624-1CF5-4CA8-99B5-B13AC39A5021}.Debug|Any CPU.ActiveCfg = Debug|Any CPU
		{A0F20624-1CF5-4CA8-99B5-B13AC39A5021}.Debug|Any CPU.Build.0 = Debug|Any CPU
		{A0F20624-1CF5-4CA8-99B5-B13AC39A5021}.Release|Any CPU.ActiveCfg = Release|Any CPU
		{A0F20624-1CF5-4CA8-99B5-B13AC39A5021}.Release|Any CPU.Build.0 = Release|Any CPU
		{511E9787-EF6E-4819-A857-AD3E7A69C668}.Debug|Any CPU.ActiveCfg = Debug|Any CPU
		{511E9787-EF6E-4819-A857-AD3E7A69C668}.Debug|Any CPU.Build.0 = Debug|Any CPU
		{511E9787-EF6E-4819-A857-AD3E7A69C668}.Release|Any CPU.ActiveCfg = Release|Any CPU
		{511E9787-EF6E-4819-A857-AD3E7A69C668}.Release|Any CPU.Build.0 = Release|Any CPU
		{DC101AFF-A3B8-43CE-BA01-1082818B63CA}.Debug|Any CPU.ActiveCfg = Debug|Any CPU
		{DC101AFF-A3B8-43CE-BA01-1082818B63CA}.Debug|Any CPU.Build.0 = Debug|Any CPU
		{DC101AFF-A3B8-43CE-BA01-1082818B63CA}.Release|Any CPU.ActiveCfg = Release|Any CPU
		{DC101AFF-A3B8-43CE-BA01-1082818B63CA}.Release|Any CPU.Build.0 = Release|Any CPU
		{9A2F4CA0-4CD4-4CF9-86C4-5247205379A5}.Debug|Any CPU.ActiveCfg = Debug|Any CPU
		{9A2F4CA0-4CD4-4CF9-86C4-5247205379A5}.Debug|Any CPU.Build.0 = Debug|Any CPU
		{9A2F4CA0-4CD4-4CF9-86C4-5247205379A5}.Release|Any CPU.ActiveCfg = Release|Any CPU
		{9A2F4CA0-4CD4-4CF9-86C4-5247205379A5}.Release|Any CPU.Build.0 = Release|Any CPU
		{50280E4C-B03E-4023-990D-DBD3117CA74A}.Debug|Any CPU.ActiveCfg = Debug|Any CPU
		{50280E4C-B03E-4023-990D-DBD3117CA74A}.Debug|Any CPU.Build.0 = Debug|Any CPU
		{50280E4C-B03E-4023-990D-DBD3117CA74A}.Release|Any CPU.ActiveCfg = Release|Any CPU
		{50280E4C-B03E-4023-990D-DBD3117CA74A}.Release|Any CPU.Build.0 = Release|Any CPU
		{D65F9481-A0C6-42BD-AFD3-6A200AAFB33C}.Debug|Any CPU.ActiveCfg = Debug|Any CPU
		{D65F9481-A0C6-42BD-AFD3-6A200AAFB33C}.Debug|Any CPU.Build.0 = Debug|Any CPU
		{D65F9481-A0C6-42BD-AFD3-6A200AAFB33C}.Release|Any CPU.ActiveCfg = Release|Any CPU
		{D65F9481-A0C6-42BD-AFD3-6A200AAFB33C}.Release|Any CPU.Build.0 = Release|Any CPU
		{E136BFEE-B5B9-4C52-ACD5-1DFDCC69806F}.Debug|Any CPU.ActiveCfg = Debug|Any CPU
		{E136BFEE-B5B9-4C52-ACD5-1DFDCC69806F}.Debug|Any CPU.Build.0 = Debug|Any CPU
		{E136BFEE-B5B9-4C52-ACD5-1DFDCC69806F}.Release|Any CPU.ActiveCfg = Release|Any CPU
		{E136BFEE-B5B9-4C52-ACD5-1DFDCC69806F}.Release|Any CPU.Build.0 = Release|Any CPU
		{36B1F71F-310F-4115-B9A2-B504DCB09DF2}.Debug|Any CPU.ActiveCfg = Debug|Any CPU
		{36B1F71F-310F-4115-B9A2-B504DCB09DF2}.Debug|Any CPU.Build.0 = Debug|Any CPU
		{36B1F71F-310F-4115-B9A2-B504DCB09DF2}.Release|Any CPU.ActiveCfg = Release|Any CPU
		{36B1F71F-310F-4115-B9A2-B504DCB09DF2}.Release|Any CPU.Build.0 = Release|Any CPU
		{90E4BFA1-6384-4802-9CBB-842618531569}.Debug|Any CPU.ActiveCfg = Debug|Any CPU
		{90E4BFA1-6384-4802-9CBB-842618531569}.Debug|Any CPU.Build.0 = Debug|Any CPU
		{90E4BFA1-6384-4802-9CBB-842618531569}.Release|Any CPU.ActiveCfg = Release|Any CPU
		{90E4BFA1-6384-4802-9CBB-842618531569}.Release|Any CPU.Build.0 = Release|Any CPU
		{CBF6E929-59F6-4CBB-8CCB-B4027BE02A4F}.Debug|Any CPU.ActiveCfg = Debug|Any CPU
		{CBF6E929-59F6-4CBB-8CCB-B4027BE02A4F}.Debug|Any CPU.Build.0 = Debug|Any CPU
		{CBF6E929-59F6-4CBB-8CCB-B4027BE02A4F}.Release|Any CPU.ActiveCfg = Release|Any CPU
		{CBF6E929-59F6-4CBB-8CCB-B4027BE02A4F}.Release|Any CPU.Build.0 = Release|Any CPU
		{C1816625-CDCD-4190-92BC-B6D797F6E1CB}.Debug|Any CPU.ActiveCfg = Debug|Any CPU
		{C1816625-CDCD-4190-92BC-B6D797F6E1CB}.Debug|Any CPU.Build.0 = Debug|Any CPU
		{C1816625-CDCD-4190-92BC-B6D797F6E1CB}.Release|Any CPU.ActiveCfg = Release|Any CPU
		{C1816625-CDCD-4190-92BC-B6D797F6E1CB}.Release|Any CPU.Build.0 = Release|Any CPU
		{43B4FDEC-2841-4BA6-8B7C-3A66EE88A547}.Debug|Any CPU.ActiveCfg = Debug|Any CPU
		{43B4FDEC-2841-4BA6-8B7C-3A66EE88A547}.Debug|Any CPU.Build.0 = Debug|Any CPU
		{43B4FDEC-2841-4BA6-8B7C-3A66EE88A547}.Release|Any CPU.ActiveCfg = Release|Any CPU
		{43B4FDEC-2841-4BA6-8B7C-3A66EE88A547}.Release|Any CPU.Build.0 = Release|Any CPU
		{6390A8CA-EEC6-4BBB-B374-D0C8C42D3E4B}.Debug|Any CPU.ActiveCfg = Debug|Any CPU
		{6390A8CA-EEC6-4BBB-B374-D0C8C42D3E4B}.Debug|Any CPU.Build.0 = Debug|Any CPU
		{6390A8CA-EEC6-4BBB-B374-D0C8C42D3E4B}.Release|Any CPU.ActiveCfg = Release|Any CPU
		{6390A8CA-EEC6-4BBB-B374-D0C8C42D3E4B}.Release|Any CPU.Build.0 = Release|Any CPU
		{5C1988FF-94CA-47ED-86CA-B5FA2BF0E7B8}.Debug|Any CPU.ActiveCfg = Debug|Any CPU
		{5C1988FF-94CA-47ED-86CA-B5FA2BF0E7B8}.Debug|Any CPU.Build.0 = Debug|Any CPU
		{5C1988FF-94CA-47ED-86CA-B5FA2BF0E7B8}.Release|Any CPU.ActiveCfg = Release|Any CPU
		{5C1988FF-94CA-47ED-86CA-B5FA2BF0E7B8}.Release|Any CPU.Build.0 = Release|Any CPU
	EndGlobalSection
	GlobalSection(SolutionProperties) = preSolution
		HideSolutionNode = FALSE
	EndGlobalSection
	GlobalSection(NestedProjects) = preSolution
		{A1C8C24A-0E4F-4D41-B656-C7A742DB3E3F} = {461CE494-21EC-425F-A2BF-265B6799B5CB}
		{50280E4C-B03E-4023-990D-DBD3117CA74A} = {461CE494-21EC-425F-A2BF-265B6799B5CB}
		{43B4FDEC-2841-4BA6-8B7C-3A66EE88A547} = {461CE494-21EC-425F-A2BF-265B6799B5CB}
		{EB30AF5C-4AD6-4A5E-BB34-1CE539F770F1} = {461CE494-21EC-425F-A2BF-265B6799B5CB}
		{7DE96A1D-62B9-4D68-A322-AE392B2F3F35} = {9B128C50-550B-4CDA-B7B3-EFCDE5A9555D}
		{A0F20624-1CF5-4CA8-99B5-B13AC39A5021} = {9B128C50-550B-4CDA-B7B3-EFCDE5A9555D}
		{E136BFEE-B5B9-4C52-ACD5-1DFDCC69806F} = {9B128C50-550B-4CDA-B7B3-EFCDE5A9555D}
		{90E4BFA1-6384-4802-9CBB-842618531569} = {9B128C50-550B-4CDA-B7B3-EFCDE5A9555D}
		{C1816625-CDCD-4190-92BC-B6D797F6E1CB} = {9B128C50-550B-4CDA-B7B3-EFCDE5A9555D}
		{5C1988FF-94CA-47ED-86CA-B5FA2BF0E7B8} = {9B128C50-550B-4CDA-B7B3-EFCDE5A9555D}
		{D65F9481-A0C6-42BD-AFD3-6A200AAFB33C} = {0E5EAADC-617D-41E8-BE02-641DE12105F5}
		{36B1F71F-310F-4115-B9A2-B504DCB09DF2} = {0E5EAADC-617D-41E8-BE02-641DE12105F5}
		{CBF6E929-59F6-4CBB-8CCB-B4027BE02A4F} = {0E5EAADC-617D-41E8-BE02-641DE12105F5}
	EndGlobalSection
EndGlobal
